// !$*UTF8*$!
{
	archiveVersion = 1;
	classes = {
	};
	objectVersion = 46;
	objects = {

/* Begin PBXBuildFile section */
		F4AC3B131CE96D0000F65285 /* AppDelegate.swift in Sources */ = {isa = PBXBuildFile; fileRef = F4AC3B121CE96D0000F65285 /* AppDelegate.swift */; };
		F4AC3B151CE96D0000F65285 /* ViewController.swift in Sources */ = {isa = PBXBuildFile; fileRef = F4AC3B141CE96D0000F65285 /* ViewController.swift */; };
		F4AC3B181CE96D0000F65285 /* Main.storyboard in Resources */ = {isa = PBXBuildFile; fileRef = F4AC3B161CE96D0000F65285 /* Main.storyboard */; };
		F4AC3B1A1CE96D0000F65285 /* Assets.xcassets in Resources */ = {isa = PBXBuildFile; fileRef = F4AC3B191CE96D0000F65285 /* Assets.xcassets */; };
		F4AC3B1D1CE96D0000F65285 /* LaunchScreen.storyboard in Resources */ = {isa = PBXBuildFile; fileRef = F4AC3B1B1CE96D0000F65285 /* LaunchScreen.storyboard */; };
		F4AC3B3C1CE96D3A00F65285 /* Alamofire.framework in Frameworks */ = {isa = PBXBuildFile; fileRef = F4AC3B2F1CE96D1A00F65285 /* Alamofire.framework */; };
		F4AC3B3D1CE96D3A00F65285 /* Alamofire.framework in Embed Frameworks */ = {isa = PBXBuildFile; fileRef = F4AC3B2F1CE96D1A00F65285 /* Alamofire.framework */; settings = {ATTRIBUTES = (CodeSignOnCopy, RemoveHeadersOnCopy, ); }; };
/* End PBXBuildFile section */

/* Begin PBXContainerItemProxy section */
		F4AC3B2E1CE96D1A00F65285 /* PBXContainerItemProxy */ = {
			isa = PBXContainerItemProxy;
			containerPortal = F4AC3B241CE96D1A00F65285 /* Alamofire.xcodeproj */;
			proxyType = 2;
			remoteGlobalIDString = F8111E3319A95C8B0040E7D1;
			remoteInfo = "Alamofire iOS";
		};
		F4AC3B301CE96D1A00F65285 /* PBXContainerItemProxy */ = {
			isa = PBXContainerItemProxy;
			containerPortal = F4AC3B241CE96D1A00F65285 /* Alamofire.xcodeproj */;
			proxyType = 2;
			remoteGlobalIDString = F8111E3E19A95C8B0040E7D1;
			remoteInfo = "Alamofire iOS Tests";
		};
		F4AC3B321CE96D1A00F65285 /* PBXContainerItemProxy */ = {
			isa = PBXContainerItemProxy;
			containerPortal = F4AC3B241CE96D1A00F65285 /* Alamofire.xcodeproj */;
			proxyType = 2;
			remoteGlobalIDString = 4DD67C0B1A5C55C900ED2280;
			remoteInfo = "Alamofire OSX";
		};
		F4AC3B341CE96D1A00F65285 /* PBXContainerItemProxy */ = {
			isa = PBXContainerItemProxy;
			containerPortal = F4AC3B241CE96D1A00F65285 /* Alamofire.xcodeproj */;
			proxyType = 2;
			remoteGlobalIDString = F829C6B21A7A94F100A2CD59;
			remoteInfo = "Alamofire OSX Tests";
		};
		F4AC3B361CE96D1A00F65285 /* PBXContainerItemProxy */ = {
			isa = PBXContainerItemProxy;
			containerPortal = F4AC3B241CE96D1A00F65285 /* Alamofire.xcodeproj */;
			proxyType = 2;
			remoteGlobalIDString = 4CF626EF1BA7CB3E0011A099;
			remoteInfo = "Alamofire tvOS";
		};
		F4AC3B381CE96D1A00F65285 /* PBXContainerItemProxy */ = {
			isa = PBXContainerItemProxy;
			containerPortal = F4AC3B241CE96D1A00F65285 /* Alamofire.xcodeproj */;
			proxyType = 2;
			remoteGlobalIDString = 4CF626F81BA7CB3E0011A099;
			remoteInfo = "Alamofire tvOS Tests";
		};
		F4AC3B3A1CE96D1A00F65285 /* PBXContainerItemProxy */ = {
			isa = PBXContainerItemProxy;
			containerPortal = F4AC3B241CE96D1A00F65285 /* Alamofire.xcodeproj */;
			proxyType = 2;
			remoteGlobalIDString = E4202FE01B667AA100C997FB;
			remoteInfo = "Alamofire watchOS";
		};
		F4AC3B3E1CE96D3B00F65285 /* PBXContainerItemProxy */ = {
			isa = PBXContainerItemProxy;
			containerPortal = F4AC3B241CE96D1A00F65285 /* Alamofire.xcodeproj */;
			proxyType = 1;
			remoteGlobalIDString = F8111E3219A95C8B0040E7D1;
			remoteInfo = "Alamofire iOS";
		};
/* End PBXContainerItemProxy section */

/* Begin PBXCopyFilesBuildPhase section */
		F4AC3B401CE96D3B00F65285 /* Embed Frameworks */ = {
			isa = PBXCopyFilesBuildPhase;
			buildActionMask = 2147483647;
			dstPath = "";
			dstSubfolderSpec = 10;
			files = (
				F4AC3B3D1CE96D3A00F65285 /* Alamofire.framework in Embed Frameworks */,
			);
			name = "Embed Frameworks";
			runOnlyForDeploymentPostprocessing = 0;
		};
/* End PBXCopyFilesBuildPhase section */

/* Begin PBXFileReference section */
		F4AC3B0F1CE96D0000F65285 /* AlamofireDemo.app */ = {isa = PBXFileReference; explicitFileType = wrapper.application; includeInIndex = 0; path = AlamofireDemo.app; sourceTree = BUILT_PRODUCTS_DIR; };
		F4AC3B121CE96D0000F65285 /* AppDelegate.swift */ = {isa = PBXFileReference; lastKnownFileType = sourcecode.swift; path = AppDelegate.swift; sourceTree = "<group>"; };
		F4AC3B141CE96D0000F65285 /* ViewController.swift */ = {isa = PBXFileReference; lastKnownFileType = sourcecode.swift; path = ViewController.swift; sourceTree = "<group>"; };
		F4AC3B171CE96D0000F65285 /* Base */ = {isa = PBXFileReference; lastKnownFileType = file.storyboard; name = Base; path = Base.lproj/Main.storyboard; sourceTree = "<group>"; };
		F4AC3B191CE96D0000F65285 /* Assets.xcassets */ = {isa = PBXFileReference; lastKnownFileType = folder.assetcatalog; path = Assets.xcassets; sourceTree = "<group>"; };
		F4AC3B1C1CE96D0000F65285 /* Base */ = {isa = PBXFileReference; lastKnownFileType = file.storyboard; name = Base; path = Base.lproj/LaunchScreen.storyboard; sourceTree = "<group>"; };
		F4AC3B1E1CE96D0000F65285 /* Info.plist */ = {isa = PBXFileReference; lastKnownFileType = text.plist.xml; path = Info.plist; sourceTree = "<group>"; };
		F4AC3B241CE96D1A00F65285 /* Alamofire.xcodeproj */ = {isa = PBXFileReference; lastKnownFileType = "wrapper.pb-project"; name = Alamofire.xcodeproj; path = ../../Alamofire/Alamofire.xcodeproj; sourceTree = "<group>"; };
/* End PBXFileReference section */

/* Begin PBXFrameworksBuildPhase section */
		F4AC3B0C1CE96D0000F65285 /* Frameworks */ = {
			isa = PBXFrameworksBuildPhase;
			buildActionMask = 2147483647;
			files = (
				F4AC3B3C1CE96D3A00F65285 /* Alamofire.framework in Frameworks */,
			);
			runOnlyForDeploymentPostprocessing = 0;
		};
/* End PBXFrameworksBuildPhase section */

/* Begin PBXGroup section */
		F4AC3B061CE96D0000F65285 = {
			isa = PBXGroup;
			children = (
				F4AC3B111CE96D0000F65285 /* AlamofireDemo */,
				F4AC3B101CE96D0000F65285 /* Products */,
			);
			sourceTree = "<group>";
		};
		F4AC3B101CE96D0000F65285 /* Products */ = {
			isa = PBXGroup;
			children = (
				F4AC3B0F1CE96D0000F65285 /* AlamofireDemo.app */,
			);
			name = Products;
			sourceTree = "<group>";
		};
		F4AC3B111CE96D0000F65285 /* AlamofireDemo */ = {
			isa = PBXGroup;
			children = (
				F4AC3B241CE96D1A00F65285 /* Alamofire.xcodeproj */,
				F4AC3B121CE96D0000F65285 /* AppDelegate.swift */,
				F4AC3B141CE96D0000F65285 /* ViewController.swift */,
				F4AC3B161CE96D0000F65285 /* Main.storyboard */,
				F4AC3B191CE96D0000F65285 /* Assets.xcassets */,
				F4AC3B1B1CE96D0000F65285 /* LaunchScreen.storyboard */,
				F4AC3B1E1CE96D0000F65285 /* Info.plist */,
			);
			path = AlamofireDemo;
			sourceTree = "<group>";
		};
		F4AC3B251CE96D1A00F65285 /* Products */ = {
			isa = PBXGroup;
			children = (
				F4AC3B2F1CE96D1A00F65285 /* Alamofire.framework */,
				F4AC3B311CE96D1A00F65285 /* Alamofire iOS Tests.xctest */,
				F4AC3B331CE96D1A00F65285 /* Alamofire.framework */,
				F4AC3B351CE96D1A00F65285 /* Alamofire OSX Tests.xctest */,
				F4AC3B371CE96D1A00F65285 /* Alamofire.framework */,
				F4AC3B391CE96D1A00F65285 /* Alamofire tvOS Tests.xctest */,
				F4AC3B3B1CE96D1A00F65285 /* Alamofire.framework */,
			);
			name = Products;
			sourceTree = "<group>";
		};
/* End PBXGroup section */

/* Begin PBXNativeTarget section */
		F4AC3B0E1CE96D0000F65285 /* AlamofireDemo */ = {
			isa = PBXNativeTarget;
			buildConfigurationList = F4AC3B211CE96D0000F65285 /* Build configuration list for PBXNativeTarget "AlamofireDemo" */;
			buildPhases = (
				F4AC3B0B1CE96D0000F65285 /* Sources */,
				F4AC3B0C1CE96D0000F65285 /* Frameworks */,
				F4AC3B0D1CE96D0000F65285 /* Resources */,
				F4AC3B401CE96D3B00F65285 /* Embed Frameworks */,
			);
			buildRules = (
			);
			dependencies = (
				F4AC3B3F1CE96D3B00F65285 /* PBXTargetDependency */,
			);
			name = AlamofireDemo;
			productName = AlamofireDemo;
			productReference = F4AC3B0F1CE96D0000F65285 /* AlamofireDemo.app */;
			productType = "com.apple.product-type.application";
		};
/* End PBXNativeTarget section */

/* Begin PBXProject section */
		F4AC3B071CE96D0000F65285 /* Project object */ = {
			isa = PBXProject;
			attributes = {
				LastSwiftUpdateCheck = 0730;
				LastUpgradeCheck = 0730;
				ORGANIZATIONNAME = ZeluLi;
				TargetAttributes = {
					F4AC3B0E1CE96D0000F65285 = {
						CreatedOnToolsVersion = 7.3;
					};
				};
			};
			buildConfigurationList = F4AC3B0A1CE96D0000F65285 /* Build configuration list for PBXProject "AlamofireDemo" */;
			compatibilityVersion = "Xcode 3.2";
			developmentRegion = English;
			hasScannedForEncodings = 0;
			knownRegions = (
				en,
				Base,
			);
			mainGroup = F4AC3B061CE96D0000F65285;
			productRefGroup = F4AC3B101CE96D0000F65285 /* Products */;
			projectDirPath = "";
			projectReferences = (
				{
					ProductGroup = F4AC3B251CE96D1A00F65285 /* Products */;
					ProjectRef = F4AC3B241CE96D1A00F65285 /* Alamofire.xcodeproj */;
				},
			);
			projectRoot = "";
			targets = (
				F4AC3B0E1CE96D0000F65285 /* AlamofireDemo */,
			);
		};
/* End PBXProject section */

/* Begin PBXReferenceProxy section */
		F4AC3B2F1CE96D1A00F65285 /* Alamofire.framework */ = {
			isa = PBXReferenceProxy;
			fileType = wrapper.framework;
			path = Alamofire.framework;
			remoteRef = F4AC3B2E1CE96D1A00F65285 /* PBXContainerItemProxy */;
			sourceTree = BUILT_PRODUCTS_DIR;
		};
		F4AC3B311CE96D1A00F65285 /* Alamofire iOS Tests.xctest */ = {
			isa = PBXReferenceProxy;
			fileType = wrapper.cfbundle;
			path = "Alamofire iOS Tests.xctest";
			remoteRef = F4AC3B301CE96D1A00F65285 /* PBXContainerItemProxy */;
			sourceTree = BUILT_PRODUCTS_DIR;
		};
		F4AC3B331CE96D1A00F65285 /* Alamofire.framework */ = {
			isa = PBXReferenceProxy;
			fileType = wrapper.framework;
			path = Alamofire.framework;
			remoteRef = F4AC3B321CE96D1A00F65285 /* PBXContainerItemProxy */;
			sourceTree = BUILT_PRODUCTS_DIR;
		};
		F4AC3B351CE96D1A00F65285 /* Alamofire OSX Tests.xctest */ = {
			isa = PBXReferenceProxy;
			fileType = wrapper.cfbundle;
			path = "Alamofire OSX Tests.xctest";
			remoteRef = F4AC3B341CE96D1A00F65285 /* PBXContainerItemProxy */;
			sourceTree = BUILT_PRODUCTS_DIR;
		};
		F4AC3B371CE96D1A00F65285 /* Alamofire.framework */ = {
			isa = PBXReferenceProxy;
			fileType = wrapper.framework;
			path = Alamofire.framework;
			remoteRef = F4AC3B361CE96D1A00F65285 /* PBXContainerItemProxy */;
			sourceTree = BUILT_PRODUCTS_DIR;
		};
		F4AC3B391CE96D1A00F65285 /* Alamofire tvOS Tests.xctest */ = {
			isa = PBXReferenceProxy;
			fileType = wrapper.cfbundle;
			path = "Alamofire tvOS Tests.xctest";
			remoteRef = F4AC3B381CE96D1A00F65285 /* PBXContainerItemProxy */;
			sourceTree = BUILT_PRODUCTS_DIR;
		};
		F4AC3B3B1CE96D1A00F65285 /* Alamofire.framework */ = {
			isa = PBXReferenceProxy;
			fileType = wrapper.framework;
			path = Alamofire.framework;
			remoteRef = F4AC3B3A1CE96D1A00F65285 /* PBXContainerItemProxy */;
			sourceTree = BUILT_PRODUCTS_DIR;
		};
/* End PBXReferenceProxy section */

/* Begin PBXResourcesBuildPhase section */
		F4AC3B0D1CE96D0000F65285 /* Resources */ = {
			isa = PBXResourcesBuildPhase;
			buildActionMask = 2147483647;
			files = (
				F4AC3B1D1CE96D0000F65285 /* LaunchScreen.storyboard in Resources */,
				F4AC3B1A1CE96D0000F65285 /* Assets.xcassets in Resources */,
				F4AC3B181CE96D0000F65285 /* Main.storyboard in Resources */,
			);
			runOnlyForDeploymentPostprocessing = 0;
		};
/* End PBXResourcesBuildPhase section */

/* Begin PBXSourcesBuildPhase section */
		F4AC3B0B1CE96D0000F65285 /* Sources */ = {
			isa = PBXSourcesBuildPhase;
			buildActionMask = 2147483647;
			files = (
				F4AC3B151CE96D0000F65285 /* ViewController.swift in Sources */,
				F4AC3B131CE96D0000F65285 /* AppDelegate.swift in Sources */,
			);
			runOnlyForDeploymentPostprocessing = 0;
		};
/* End PBXSourcesBuildPhase section */

/* Begin PBXTargetDependency section */
		F4AC3B3F1CE96D3B00F65285 /* PBXTargetDependency */ = {
			isa = PBXTargetDependency;
			name = "Alamofire iOS";
			targetProxy = F4AC3B3E1CE96D3B00F65285 /* PBXContainerItemProxy */;
		};
/* End PBXTargetDependency section */

/* Begin PBXVariantGroup section */
		F4AC3B161CE96D0000F65285 /* Main.storyboard */ = {
			isa = PBXVariantGroup;
			children = (
				F4AC3B171CE96D0000F65285 /* Base */,
			);
			name = Main.storyboard;
			sourceTree = "<group>";
		};
		F4AC3B1B1CE96D0000F65285 /* LaunchScreen.storyboard */ = {
			isa = PBXVariantGroup;
			children = (
				F4AC3B1C1CE96D0000F65285 /* Base */,
			);
			name = LaunchScreen.storyboard;
			sourceTree = "<group>";
		};
/* End PBXVariantGroup section */

/* Begin XCBuildConfiguration section */
		F4AC3B1F1CE96D0000F65285 /* Debug */ = {
			isa = XCBuildConfiguration;
			buildSettings = {
				ALWAYS_SEARCH_USER_PATHS = NO;
				CLANG_ANALYZER_NONNULL = YES;
				CLANG_CXX_LANGUAGE_STANDARD = "gnu++0x";
				CLANG_CXX_LIBRARY = "libc++";
				CLANG_ENABLE_MODULES = YES;
				CLANG_ENABLE_OBJC_ARC = YES;
				CLANG_WARN_BOOL_CONVERSION = YES;
				CLANG_WARN_CONSTANT_CONVERSION = YES;
				CLANG_WARN_DIRECT_OBJC_ISA_USAGE = YES_ERROR;
				CLANG_WARN_EMPTY_BODY = YES;
				CLANG_WARN_ENUM_CONVERSION = YES;
				CLANG_WARN_INT_CONVERSION = YES;
				CLANG_WARN_OBJC_ROOT_CLASS = YES_ERROR;
				CLANG_WARN_UNREACHABLE_CODE = YES;
				CLANG_WARN__DUPLICATE_METHOD_MATCH = YES;
				"CODE_SIGN_IDENTITY[sdk=iphoneos*]" = "iPhone Developer";
				COPY_PHASE_STRIP = NO;
				DEBUG_INFORMATION_FORMAT = dwarf;
				ENABLE_STRICT_OBJC_MSGSEND = YES;
				ENABLE_TESTABILITY = YES;
				GCC_C_LANGUAGE_STANDARD = gnu99;
				GCC_DYNAMIC_NO_PIC = NO;
				GCC_NO_COMMON_BLOCKS = YES;
				GCC_OPTIMIZATION_LEVEL = 0;
				GCC_PREPROCESSOR_DEFINITIONS = (
					"DEBUG=1",
					"$(inherited)",
				);
				GCC_WARN_64_TO_32_BIT_CONVERSION = YES;
				GCC_WARN_ABOUT_RETURN_TYPE = YES_ERROR;
				GCC_WARN_UNDECLARED_SELECTOR = YES;
				GCC_WARN_UNINITIALIZED_AUTOS = YES_AGGRESSIVE;
				GCC_WARN_UNUSED_FUNCTION = YES;
				GCC_WARN_UNUSED_VARIABLE = YES;
				IPHONEOS_DEPLOYMENT_TARGET = 9.3;
				MTL_ENABLE_DEBUG_INFO = YES;
				ONLY_ACTIVE_ARCH = YES;
				SDKROOT = iphoneos;
				SWIFT_OPTIMIZATION_LEVEL = "-Onone";
			};
			name = Debug;
		};
		F4AC3B201CE96D0000F65285 /* Release */ = {
			isa = XCBuildConfiguration;
			buildSettings = {
				ALWAYS_SEARCH_USER_PATHS = NO;
				CLANG_ANALYZER_NONNULL = YES;
				CLANG_CXX_LANGUAGE_STANDARD = "gnu++0x";
				CLANG_CXX_LIBRARY = "libc++";
				CLANG_ENABLE_MODULES = YES;
				CLANG_ENABLE_OBJC_ARC = YES;
				CLANG_WARN_BOOL_CONVERSION = YES;
				CLANG_WARN_CONSTANT_CONVERSION = YES;
				CLANG_WARN_DIRECT_OBJC_ISA_USAGE = YES_ERROR;
				CLANG_WARN_EMPTY_BODY = YES;
				CLANG_WARN_ENUM_CONVERSION = YES;
				CLANG_WARN_INT_CONVERSION = YES;
				CLANG_WARN_OBJC_ROOT_CLASS = YES_ERROR;
				CLANG_WARN_UNREACHABLE_CODE = YES;
				CLANG_WARN__DUPLICATE_METHOD_MATCH = YES;
				"CODE_SIGN_IDENTITY[sdk=iphoneos*]" = "iPhone Developer";
				COPY_PHASE_STRIP = NO;
				DEBUG_INFORMATION_FORMAT = "dwarf-with-dsym";
				ENABLE_NS_ASSERTIONS = NO;
				ENABLE_STRICT_OBJC_MSGSEND = YES;
				GCC_C_LANGUAGE_STANDARD = gnu99;
				GCC_NO_COMMON_BLOCKS = YES;
				GCC_WARN_64_TO_32_BIT_CONVERSION = YES;
				GCC_WARN_ABOUT_RETURN_TYPE = YES_ERROR;
				GCC_WARN_UNDECLARED_SELECTOR = YES;
				GCC_WARN_UNINITIALIZED_AUTOS = YES_AGGRESSIVE;
				GCC_WARN_UNUSED_FUNCTION = YES;
				GCC_WARN_UNUSED_VARIABLE = YES;
				IPHONEOS_DEPLOYMENT_TARGET = 9.3;
				MTL_ENABLE_DEBUG_INFO = NO;
				SDKROOT = iphoneos;
				VALIDATE_PRODUCT = YES;
			};
			name = Release;
		};
		F4AC3B221CE96D0000F65285 /* Debug */ = {
			isa = XCBuildConfiguration;
			buildSettings = {
				ASSETCATALOG_COMPILER_APPICON_NAME = AppIcon;
				EMBEDDED_CONTENT_CONTAINS_SWIFT = YES;
				INFOPLIST_FILE = AlamofireDemo/Info.plist;
				LD_RUNPATH_SEARCH_PATHS = "$(inherited) @executable_path/Frameworks";
				PRODUCT_BUNDLE_IDENTIFIER = ZeluLi.AlamofireDemo;
				PRODUCT_NAME = "$(TARGET_NAME)";
			};
			name = Debug;
		};
		F4AC3B231CE96D0000F65285 /* Release */ = {
			isa = XCBuildConfiguration;
			buildSettings = {
				ASSETCATALOG_COMPILER_APPICON_NAME = AppIcon;
				EMBEDDED_CONTENT_CONTAINS_SWIFT = YES;
				INFOPLIST_FILE = AlamofireDemo/Info.plist;
				LD_RUNPATH_SEARCH_PATHS = "$(inherited) @executable_path/Frameworks";
				PRODUCT_BUNDLE_IDENTIFIER = ZeluLi.AlamofireDemo;
				PRODUCT_NAME = "$(TARGET_NAME)";
			};
			name = Release;
		};
/* End XCBuildConfiguration section */

/* Begin XCConfigurationList section */
		F4AC3B0A1CE96D0000F65285 /* Build configuration list for PBXProject "AlamofireDemo" */ = {
			isa = XCConfigurationList;
			buildConfigurations = (
				F4AC3B1F1CE96D0000F65285 /* Debug */,
				F4AC3B201CE96D0000F65285 /* Release */,
			);
			defaultConfigurationIsVisible = 0;
			defaultConfigurationName = Release;
		};
		F4AC3B211CE96D0000F65285 /* Build configuration list for PBXNativeTarget "AlamofireDemo" */ = {
			isa = XCConfigurationList;
			buildConfigurations = (
				F4AC3B221CE96D0000F65285 /* Debug */,
				F4AC3B231CE96D0000F65285 /* Release */,
			);
			defaultConfigurationIsVisible = 0;
			defaultConfigurationName = Release;
		};
/* End XCConfigurationList section */
	};
	rootObject = F4AC3B071CE96D0000F65285 /* Project object */;
}
